// !$*UTF8*$!
{
	archiveVersion = 1;
	classes = {
	};
	objectVersion = 50;
	objects = {

/* Begin PBXBuildFile section */
		9B784433215DAAA600FF1327 /* AppDelegate.swift in Sources */ = {isa = PBXBuildFile; fileRef = 9B784432215DAAA600FF1327 /* AppDelegate.swift */; };
		9B784435215DAAA600FF1327 /* ViewController.swift in Sources */ = {isa = PBXBuildFile; fileRef = 9B784434215DAAA600FF1327 /* ViewController.swift */; };
		9B784438215DAAA600FF1327 /* Main.storyboard in Resources */ = {isa = PBXBuildFile; fileRef = 9B784436215DAAA600FF1327 /* Main.storyboard */; };
		9B78443A215DAAAD00FF1327 /* Assets.xcassets in Resources */ = {isa = PBXBuildFile; fileRef = 9B784439215DAAAD00FF1327 /* Assets.xcassets */; };
		9B78443D215DAAAD00FF1327 /* LaunchScreen.storyboard in Resources */ = {isa = PBXBuildFile; fileRef = 9B78443B215DAAAD00FF1327 /* LaunchScreen.storyboard */; };
		9B784448215DAAAD00FF1327 /* YelpTests.swift in Sources */ = {isa = PBXBuildFile; fileRef = 9B784447215DAAAD00FF1327 /* YelpTests.swift */; };
		9B784453215DAAAD00FF1327 /* YelpUITests.swift in Sources */ = {isa = PBXBuildFile; fileRef = 9B784452215DAAAD00FF1327 /* YelpUITests.swift */; };
/* End PBXBuildFile section */

/* Begin PBXContainerItemProxy section */
		9B784444215DAAAD00FF1327 /* PBXContainerItemProxy */ = {
			isa = PBXContainerItemProxy;
			containerPortal = 9B784427215DAAA600FF1327 /* Project object */;
			proxyType = 1;
			remoteGlobalIDString = 9B78442E215DAAA600FF1327;
			remoteInfo = Yelp;
		};
		9B78444F215DAAAD00FF1327 /* PBXContainerItemProxy */ = {
			isa = PBXContainerItemProxy;
			containerPortal = 9B784427215DAAA600FF1327 /* Project object */;
			proxyType = 1;
			remoteGlobalIDString = 9B78442E215DAAA600FF1327;
			remoteInfo = Yelp;
		};
/* End PBXContainerItemProxy section */

/* Begin PBXFileReference section */
		9B78442F215DAAA600FF1327 /* Yelp.app */ = {isa = PBXFileReference; explicitFileType = wrapper.application; includeInIndex = 0; path = Yelp.app; sourceTree = BUILT_PRODUCTS_DIR; };
		9B784432215DAAA600FF1327 /* AppDelegate.swift */ = {isa = PBXFileReference; lastKnownFileType = sourcecode.swift; path = AppDelegate.swift; sourceTree = "<group>"; };
		9B784434215DAAA600FF1327 /* ViewController.swift */ = {isa = PBXFileReference; lastKnownFileType = sourcecode.swift; path = ViewController.swift; sourceTree = "<group>"; };
		9B784437215DAAA600FF1327 /* Base */ = {isa = PBXFileReference; lastKnownFileType = file.storyboard; name = Base; path = Base.lproj/Main.storyboard; sourceTree = "<group>"; };
		9B784439215DAAAD00FF1327 /* Assets.xcassets */ = {isa = PBXFileReference; lastKnownFileType = folder.assetcatalog; path = Assets.xcassets; sourceTree = "<group>"; };
		9B78443C215DAAAD00FF1327 /* Base */ = {isa = PBXFileReference; lastKnownFileType = file.storyboard; name = Base; path = Base.lproj/LaunchScreen.storyboard; sourceTree = "<group>"; };
		9B78443E215DAAAD00FF1327 /* Info.plist */ = {isa = PBXFileReference; lastKnownFileType = text.plist.xml; path = Info.plist; sourceTree = "<group>"; };
		9B784443215DAAAD00FF1327 /* YelpTests.xctest */ = {isa = PBXFileReference; explicitFileType = wrapper.cfbundle; includeInIndex = 0; path = YelpTests.xctest; sourceTree = BUILT_PRODUCTS_DIR; };
		9B784447215DAAAD00FF1327 /* YelpTests.swift */ = {isa = PBXFileReference; lastKnownFileType = sourcecode.swift; path = YelpTests.swift; sourceTree = "<group>"; };
		9B784449215DAAAD00FF1327 /* Info.plist */ = {isa = PBXFileReference; lastKnownFileType = text.plist.xml; path = Info.plist; sourceTree = "<group>"; };
		9B78444E215DAAAD00FF1327 /* YelpUITests.xctest */ = {isa = PBXFileReference; explicitFileType = wrapper.cfbundle; includeInIndex = 0; path = YelpUITests.xctest; sourceTree = BUILT_PRODUCTS_DIR; };
		9B784452215DAAAD00FF1327 /* YelpUITests.swift */ = {isa = PBXFileReference; lastKnownFileType = sourcecode.swift; path = YelpUITests.swift; sourceTree = "<group>"; };
		9B784454215DAAAD00FF1327 /* Info.plist */ = {isa = PBXFileReference; lastKnownFileType = text.plist.xml; path = Info.plist; sourceTree = "<group>"; };
/* End PBXFileReference section */

/* Begin PBXFrameworksBuildPhase section */
		9B78442C215DAAA600FF1327 /* Frameworks */ = {
			isa = PBXFrameworksBuildPhase;
			buildActionMask = 2147483647;
			files = (
			);
			runOnlyForDeploymentPostprocessing = 0;
		};
		9B784440215DAAAD00FF1327 /* Frameworks */ = {
			isa = PBXFrameworksBuildPhase;
			buildActionMask = 2147483647;
			files = (
			);
			runOnlyForDeploymentPostprocessing = 0;
		};
		9B78444B215DAAAD00FF1327 /* Frameworks */ = {
			isa = PBXFrameworksBuildPhase;
			buildActionMask = 2147483647;
			files = (
			);
			runOnlyForDeploymentPostprocessing = 0;
		};
/* End PBXFrameworksBuildPhase section */

/* Begin PBXGroup section */
		9B784426215DAAA600FF1327 = {
			isa = PBXGroup;
			children = (
				9B784431215DAAA600FF1327 /* Yelp */,
				9B784446215DAAAD00FF1327 /* YelpTests */,
				9B784451215DAAAD00FF1327 /* YelpUITests */,
				9B784430215DAAA600FF1327 /* Products */,
			);
			sourceTree = "<group>";
		};
		9B784430215DAAA600FF1327 /* Products */ = {
			isa = PBXGroup;
			children = (
				9B78442F215DAAA600FF1327 /* Yelp.app */,
				9B784443215DAAAD00FF1327 /* YelpTests.xctest */,
				9B78444E215DAAAD00FF1327 /* YelpUITests.xctest */,
			);
			name = Products;
			sourceTree = "<group>";
		};
		9B784431215DAAA600FF1327 /* Yelp */ = {
			isa = PBXGroup;
			children = (
				9B784432215DAAA600FF1327 /* AppDelegate.swift */,
				9B784434215DAAA600FF1327 /* ViewController.swift */,
				9B784436215DAAA600FF1327 /* Main.storyboard */,
				9B784439215DAAAD00FF1327 /* Assets.xcassets */,
				9B78443B215DAAAD00FF1327 /* LaunchScreen.storyboard */,
				9B78443E215DAAAD00FF1327 /* Info.plist */,
			);
			path = Yelp;
			sourceTree = "<group>";
		};
		9B784446215DAAAD00FF1327 /* YelpTests */ = {
			isa = PBXGroup;
			children = (
				9B784447215DAAAD00FF1327 /* YelpTests.swift */,
				9B784449215DAAAD00FF1327 /* Info.plist */,
			);
			path = YelpTests;
			sourceTree = "<group>";
		};
		9B784451215DAAAD00FF1327 /* YelpUITests */ = {
			isa = PBXGroup;
			children = (
				9B784452215DAAAD00FF1327 /* YelpUITests.swift */,
				9B784454215DAAAD00FF1327 /* Info.plist */,
			);
			path = YelpUITests;
			sourceTree = "<group>";
		};
/* End PBXGroup section */

/* Begin PBXNativeTarget section */
		9B78442E215DAAA600FF1327 /* Yelp */ = {
			isa = PBXNativeTarget;
			buildConfigurationList = 9B784457215DAAAD00FF1327 /* Build configuration list for PBXNativeTarget "Yelp" */;
			buildPhases = (
				9B78442B215DAAA600FF1327 /* Sources */,
				9B78442C215DAAA600FF1327 /* Frameworks */,
				9B78442D215DAAA600FF1327 /* Resources */,
			);
			buildRules = (
			);
			dependencies = (
			);
			name = Yelp;
			productName = Yelp;
			productReference = 9B78442F215DAAA600FF1327 /* Yelp.app */;
			productType = "com.apple.product-type.application";
		};
		9B784442215DAAAD00FF1327 /* YelpTests */ = {
			isa = PBXNativeTarget;
			buildConfigurationList = 9B78445A215DAAAD00FF1327 /* Build configuration list for PBXNativeTarget "YelpTests" */;
			buildPhases = (
				9B78443F215DAAAD00FF1327 /* Sources */,
				9B784440215DAAAD00FF1327 /* Frameworks */,
				9B784441215DAAAD00FF1327 /* Resources */,
			);
			buildRules = (
			);
			dependencies = (
				9B784445215DAAAD00FF1327 /* PBXTargetDependency */,
			);
			name = YelpTests;
			productName = YelpTests;
			productReference = 9B784443215DAAAD00FF1327 /* YelpTests.xctest */;
			productType = "com.apple.product-type.bundle.unit-test";
		};
		9B78444D215DAAAD00FF1327 /* YelpUITests */ = {
			isa = PBXNativeTarget;
			buildConfigurationList = 9B78445D215DAAAD00FF1327 /* Build configuration list for PBXNativeTarget "YelpUITests" */;
			buildPhases = (
				9B78444A215DAAAD00FF1327 /* Sources */,
				9B78444B215DAAAD00FF1327 /* Frameworks */,
				9B78444C215DAAAD00FF1327 /* Resources */,
			);
			buildRules = (
			);
			dependencies = (
				9B784450215DAAAD00FF1327 /* PBXTargetDependency */,
			);
			name = YelpUITests;
			productName = YelpUITests;
			productReference = 9B78444E215DAAAD00FF1327 /* YelpUITests.xctest */;
			productType = "com.apple.product-type.bundle.ui-testing";
		};
/* End PBXNativeTarget section */

/* Begin PBXProject section */
		9B784427215DAAA600FF1327 /* Project object */ = {
			isa = PBXProject;
			attributes = {
				LastSwiftUpdateCheck = 0940;
				LastUpgradeCheck = 0940;
				ORGANIZATIONNAME = "Alejandro Cruz";
				TargetAttributes = {
					9B78442E215DAAA600FF1327 = {
						CreatedOnToolsVersion = 9.4.1;
					};
					9B784442215DAAAD00FF1327 = {
						CreatedOnToolsVersion = 9.4.1;
						TestTargetID = 9B78442E215DAAA600FF1327;
					};
					9B78444D215DAAAD00FF1327 = {
						CreatedOnToolsVersion = 9.4.1;
						TestTargetID = 9B78442E215DAAA600FF1327;
					};
				};
			};
			buildConfigurationList = 9B78442A215DAAA600FF1327 /* Build configuration list for PBXProject "Yelp" */;
			compatibilityVersion = "Xcode 9.3";
			developmentRegion = en;
			hasScannedForEncodings = 0;
			knownRegions = (
				en,
				Base,
			);
			mainGroup = 9B784426215DAAA600FF1327;
			productRefGroup = 9B784430215DAAA600FF1327 /* Products */;
			projectDirPath = "";
			projectRoot = "";
			targets = (
				9B78442E215DAAA600FF1327 /* Yelp */,
				9B784442215DAAAD00FF1327 /* YelpTests */,
				9B78444D215DAAAD00FF1327 /* YelpUITests */,
			);
		};
/* End PBXProject section */

/* Begin PBXResourcesBuildPhase section */
		9B78442D215DAAA600FF1327 /* Resources */ = {
			isa = PBXResourcesBuildPhase;
			buildActionMask = 2147483647;
			files = (
				9B78443D215DAAAD00FF1327 /* LaunchScreen.storyboard in Resources */,
				9B78443A215DAAAD00FF1327 /* Assets.xcassets in Resources */,
				9B784438215DAAA600FF1327 /* Main.storyboard in Resources */,
			);
			runOnlyForDeploymentPostprocessing = 0;
		};
		9B784441215DAAAD00FF1327 /* Resources */ = {
			isa = PBXResourcesBuildPhase;
			buildActionMask = 2147483647;
			files = (
			);
			runOnlyForDeploymentPostprocessing = 0;
		};
		9B78444C215DAAAD00FF1327 /* Resources */ = {
			isa = PBXResourcesBuildPhase;
			buildActionMask = 2147483647;
			files = (
			);
			runOnlyForDeploymentPostprocessing = 0;
		};
/* End PBXResourcesBuildPhase section */

/* Begin PBXSourcesBuildPhase section */
		9B78442B215DAAA600FF1327 /* Sources */ = {
			isa = PBXSourcesBuildPhase;
			buildActionMask = 2147483647;
			files = (
				9B784435215DAAA600FF1327 /* ViewController.swift in Sources */,
				9B784433215DAAA600FF1327 /* AppDelegate.swift in Sources */,
			);
			runOnlyForDeploymentPostprocessing = 0;
		};
		9B78443F215DAAAD00FF1327 /* Sources */ = {
			isa = PBXSourcesBuildPhase;
			buildActionMask = 2147483647;
			files = (
				9B784448215DAAAD00FF1327 /* YelpTests.swift in Sources */,
			);
			runOnlyForDeploymentPostprocessing = 0;
		};
		9B78444A215DAAAD00FF1327 /* Sources */ = {
			isa = PBXSourcesBuildPhase;
			buildActionMask = 2147483647;
			files = (
				9B784453215DAAAD00FF1327 /* YelpUITests.swift in Sources */,
			);
			runOnlyForDeploymentPostprocessing = 0;
		};
/* End PBXSourcesBuildPhase section */

/* Begin PBXTargetDependency section */
		9B784445215DAAAD00FF1327 /* PBXTargetDependency */ = {
			isa = PBXTargetDependency;
			target = 9B78442E215DAAA600FF1327 /* Yelp */;
			targetProxy = 9B784444215DAAAD00FF1327 /* PBXContainerItemProxy */;
		};
		9B784450215DAAAD00FF1327 /* PBXTargetDependency */ = {
			isa = PBXTargetDependency;
			target = 9B78442E215DAAA600FF1327 /* Yelp */;
			targetProxy = 9B78444F215DAAAD00FF1327 /* PBXContainerItemProxy */;
		};
/* End PBXTargetDependency section */

/* Begin PBXVariantGroup section */
		9B784436215DAAA600FF1327 /* Main.storyboard */ = {
			isa = PBXVariantGroup;
			children = (
				9B784437215DAAA600FF1327 /* Base */,
			);
			name = Main.storyboard;
			sourceTree = "<group>";
		};
		9B78443B215DAAAD00FF1327 /* LaunchScreen.storyboard */ = {
			isa = PBXVariantGroup;
			children = (
				9B78443C215DAAAD00FF1327 /* Base */,
			);
			name = LaunchScreen.storyboard;
			sourceTree = "<group>";
		};
/* End PBXVariantGroup section */

/* Begin XCBuildConfiguration section */
		9B784455215DAAAD00FF1327 /* Debug */ = {
			isa = XCBuildConfiguration;
			buildSettings = {
				ALWAYS_SEARCH_USER_PATHS = NO;
				CLANG_ANALYZER_NONNULL = YES;
				CLANG_ANALYZER_NUMBER_OBJECT_CONVERSION = YES_AGGRESSIVE;
				CLANG_CXX_LANGUAGE_STANDARD = "gnu++14";
				CLANG_CXX_LIBRARY = "libc++";
				CLANG_ENABLE_MODULES = YES;
				CLANG_ENABLE_OBJC_ARC = YES;
				CLANG_ENABLE_OBJC_WEAK = YES;
				CLANG_WARN_BLOCK_CAPTURE_AUTORELEASING = YES;
				CLANG_WARN_BOOL_CONVERSION = YES;
				CLANG_WARN_COMMA = YES;
				CLANG_WARN_CONSTANT_CONVERSION = YES;
				CLANG_WARN_DEPRECATED_OBJC_IMPLEMENTATIONS = YES;
				CLANG_WARN_DIRECT_OBJC_ISA_USAGE = YES_ERROR;
				CLANG_WARN_DOCUMENTATION_COMMENTS = YES;
				CLANG_WARN_EMPTY_BODY = YES;
				CLANG_WARN_ENUM_CONVERSION = YES;
				CLANG_WARN_INFINITE_RECURSION = YES;
				CLANG_WARN_INT_CONVERSION = YES;
				CLANG_WARN_NON_LITERAL_NULL_CONVERSION = YES;
				CLANG_WARN_OBJC_IMPLICIT_RETAIN_SELF = YES;
				CLANG_WARN_OBJC_LITERAL_CONVERSION = YES;
				CLANG_WARN_OBJC_ROOT_CLASS = YES_ERROR;
				CLANG_WARN_RANGE_LOOP_ANALYSIS = YES;
				CLANG_WARN_STRICT_PROTOTYPES = YES;
				CLANG_WARN_SUSPICIOUS_MOVE = YES;
				CLANG_WARN_UNGUARDED_AVAILABILITY = YES_AGGRESSIVE;
				CLANG_WARN_UNREACHABLE_CODE = YES;
				CLANG_WARN__DUPLICATE_METHOD_MATCH = YES;
				CODE_SIGN_IDENTITY = "iPhone Developer";
				COPY_PHASE_STRIP = NO;
				DEBUG_INFORMATION_FORMAT = dwarf;
				ENABLE_STRICT_OBJC_MSGSEND = YES;
				ENABLE_TESTABILITY = YES;
				GCC_C_LANGUAGE_STANDARD = gnu11;
				GCC_DYNAMIC_NO_PIC = NO;
				GCC_NO_COMMON_BLOCKS = YES;
				GCC_OPTIMIZATION_LEVEL = 0;
				GCC_PREPROCESSOR_DEFINITIONS = (
					"DEBUG=1",
					"$(inherited)",
				);
				GCC_WARN_64_TO_32_BIT_CONVERSION = YES;
				GCC_WARN_ABOUT_RETURN_TYPE = YES_ERROR;
				GCC_WARN_UNDECLARED_SELECTOR = YES;
				GCC_WARN_UNINITIALIZED_AUTOS = YES_AGGRESSIVE;
				GCC_WARN_UNUSED_FUNCTION = YES;
				GCC_WARN_UNUSED_VARIABLE = YES;
				IPHONEOS_DEPLOYMENT_TARGET = 11.4;
				MTL_ENABLE_DEBUG_INFO = YES;
				ONLY_ACTIVE_ARCH = YES;
				SDKROOT = iphoneos;
				SWIFT_ACTIVE_COMPILATION_CONDITIONS = DEBUG;
				SWIFT_OPTIMIZATION_LEVEL = "-Onone";
			};
			name = Debug;
		};
		9B784456215DAAAD00FF1327 /* Release */ = {
			isa = XCBuildConfiguration;
			buildSettings = {
				ALWAYS_SEARCH_USER_PATHS = NO;
				CLANG_ANALYZER_NONNULL = YES;
				CLANG_ANALYZER_NUMBER_OBJECT_CONVERSION = YES_AGGRESSIVE;
				CLANG_CXX_LANGUAGE_STANDARD = "gnu++14";
				CLANG_CXX_LIBRARY = "libc++";
				CLANG_ENABLE_MODULES = YES;
				CLANG_ENABLE_OBJC_ARC = YES;
				CLANG_ENABLE_OBJC_WEAK = YES;
				CLANG_WARN_BLOCK_CAPTURE_AUTORELEASING = YES;
				CLANG_WARN_BOOL_CONVERSION = YES;
				CLANG_WARN_COMMA = YES;
				CLANG_WARN_CONSTANT_CONVERSION = YES;
				CLANG_WARN_DEPRECATED_OBJC_IMPLEMENTATIONS = YES;
				CLANG_WARN_DIRECT_OBJC_ISA_USAGE = YES_ERROR;
				CLANG_WARN_DOCUMENTATION_COMMENTS = YES;
				CLANG_WARN_EMPTY_BODY = YES;
				CLANG_WARN_ENUM_CONVERSION = YES;
				CLANG_WARN_INFINITE_RECURSION = YES;
				CLANG_WARN_INT_CONVERSION = YES;
				CLANG_WARN_NON_LITERAL_NULL_CONVERSION = YES;
				CLANG_WARN_OBJC_IMPLICIT_RETAIN_SELF = YES;
				CLANG_WARN_OBJC_LITERAL_CONVERSION = YES;
				CLANG_WARN_OBJC_ROOT_CLASS = YES_ERROR;
				CLANG_WARN_RANGE_LOOP_ANALYSIS = YES;
				CLANG_WARN_STRICT_PROTOTYPES = YES;
				CLANG_WARN_SUSPICIOUS_MOVE = YES;
				CLANG_WARN_UNGUARDED_AVAILABILITY = YES_AGGRESSIVE;
				CLANG_WARN_UNREACHABLE_CODE = YES;
				CLANG_WARN__DUPLICATE_METHOD_MATCH = YES;
				CODE_SIGN_IDENTITY = "iPhone Developer";
				COPY_PHASE_STRIP = NO;
				DEBUG_INFORMATION_FORMAT = "dwarf-with-dsym";
				ENABLE_NS_ASSERTIONS = NO;
				ENABLE_STRICT_OBJC_MSGSEND = YES;
				GCC_C_LANGUAGE_STANDARD = gnu11;
				GCC_NO_COMMON_BLOCKS = YES;
				GCC_WARN_64_TO_32_BIT_CONVERSION = YES;
				GCC_WARN_ABOUT_RETURN_TYPE = YES_ERROR;
				GCC_WARN_UNDECLARED_SELECTOR = YES;
				GCC_WARN_UNINITIALIZED_AUTOS = YES_AGGRESSIVE;
				GCC_WARN_UNUSED_FUNCTION = YES;
				GCC_WARN_UNUSED_VARIABLE = YES;
				IPHONEOS_DEPLOYMENT_TARGET = 11.4;
				MTL_ENABLE_DEBUG_INFO = NO;
				SDKROOT = iphoneos;
				SWIFT_COMPILATION_MODE = wholemodule;
				SWIFT_OPTIMIZATION_LEVEL = "-O";
				VALIDATE_PRODUCT = YES;
			};
			name = Release;
		};
		9B784458215DAAAD00FF1327 /* Debug */ = {
			isa = XCBuildConfiguration;
			buildSettings = {
				ASSETCATALOG_COMPILER_APPICON_NAME = AppIcon;
				CODE_SIGN_STYLE = Automatic;
				INFOPLIST_FILE = Yelp/Info.plist;
				LD_RUNPATH_SEARCH_PATHS = (
					"$(inherited)",
					"@executable_path/Frameworks",
				);
				PRODUCT_BUNDLE_IDENTIFIER = com.codepath.Yelp;
				PRODUCT_NAME = "$(TARGET_NAME)";
				SWIFT_VERSION = 4.0;
				TARGETED_DEVICE_FAMILY = "1,2";
			};
			name = Debug;
		};
		9B784459215DAAAD00FF1327 /* Release */ = {
			isa = XCBuildConfiguration;
			buildSettings = {
				ASSETCATALOG_COMPILER_APPICON_NAME = AppIcon;
				CODE_SIGN_STYLE = Automatic;
				INFOPLIST_FILE = Yelp/Info.plist;
				LD_RUNPATH_SEARCH_PATHS = (
					"$(inherited)",
					"@executable_path/Frameworks",
				);
				PRODUCT_BUNDLE_IDENTIFIER = com.codepath.Yelp;
				PRODUCT_NAME = "$(TARGET_NAME)";
				SWIFT_VERSION = 4.0;
				TARGETED_DEVICE_FAMILY = "1,2";
			};
			name = Release;
		};
		9B78445B215DAAAD00FF1327 /* Debug */ = {
			isa = XCBuildConfiguration;
			buildSettings = {
				ALWAYS_EMBED_SWIFT_STANDARD_LIBRARIES = YES;
				BUNDLE_LOADER = "$(TEST_HOST)";
				CODE_SIGN_STYLE = Automatic;
				INFOPLIST_FILE = YelpTests/Info.plist;
				LD_RUNPATH_SEARCH_PATHS = (
					"$(inherited)",
					"@executable_path/Frameworks",
					"@loader_path/Frameworks",
				);
				PRODUCT_BUNDLE_IDENTIFIER = com.codepath.YelpTests;
				PRODUCT_NAME = "$(TARGET_NAME)";
				SWIFT_VERSION = 4.0;
				TARGETED_DEVICE_FAMILY = "1,2";
				TEST_HOST = "$(BUILT_PRODUCTS_DIR)/Yelp.app/Yelp";
			};
			name = Debug;
		};
		9B78445C215DAAAD00FF1327 /* Release */ = {
			isa = XCBuildConfiguration;
			buildSettings = {
				ALWAYS_EMBED_SWIFT_STANDARD_LIBRARIES = YES;
				BUNDLE_LOADER = "$(TEST_HOST)";
				CODE_SIGN_STYLE = Automatic;
				INFOPLIST_FILE = YelpTests/Info.plist;
				LD_RUNPATH_SEARCH_PATHS = (
					"$(inherited)",
					"@executable_path/Frameworks",
					"@loader_path/Frameworks",
				);
				PRODUCT_BUNDLE_IDENTIFIER = com.codepath.YelpTests;
				PRODUCT_NAME = "$(TARGET_NAME)";
				SWIFT_VERSION = 4.0;
				TARGETED_DEVICE_FAMILY = "1,2";
				TEST_HOST = "$(BUILT_PRODUCTS_DIR)/Yelp.app/Yelp";
			};
			name = Release;
		};
		9B78445E215DAAAD00FF1327 /* Debug */ = {
			isa = XCBuildConfiguration;
			buildSettings = {
				ALWAYS_EMBED_SWIFT_STANDARD_LIBRARIES = YES;
				CODE_SIGN_STYLE = Automatic;
				INFOPLIST_FILE = YelpUITests/Info.plist;
				LD_RUNPATH_SEARCH_PATHS = (
					"$(inherited)",
					"@executable_path/Frameworks",
					"@loader_path/Frameworks",
				);
				PRODUCT_BUNDLE_IDENTIFIER = com.codepath.YelpUITests;
				PRODUCT_NAME = "$(TARGET_NAME)";
				SWIFT_VERSION = 4.0;
				TARGETED_DEVICE_FAMILY = "1,2";
				TEST_TARGET_NAME = Yelp;
			};
			name = Debug;
		};
		9B78445F215DAAAD00FF1327 /* Release */ = {
			isa = XCBuildConfiguration;
			buildSettings = {
				ALWAYS_EMBED_SWIFT_STANDARD_LIBRARIES = YES;
				CODE_SIGN_STYLE = Automatic;
				INFOPLIST_FILE = YelpUITests/Info.plist;
				LD_RUNPATH_SEARCH_PATHS = (
					"$(inherited)",
					"@executable_path/Frameworks",
					"@loader_path/Frameworks",
				);
				PRODUCT_BUNDLE_IDENTIFIER = com.codepath.YelpUITests;
				PRODUCT_NAME = "$(TARGET_NAME)";
				SWIFT_VERSION = 4.0;
				TARGETED_DEVICE_FAMILY = "1,2";
				TEST_TARGET_NAME = Yelp;
			};
			name = Release;
		};
/* End XCBuildConfiguration section */

/* Begin XCConfigurationList section */
		9B78442A215DAAA600FF1327 /* Build configuration list for PBXProject "Yelp" */ = {
			isa = XCConfigurationList;
			buildConfigurations = (
				9B784455215DAAAD00FF1327 /* Debug */,
				9B784456215DAAAD00FF1327 /* Release */,
			);
			defaultConfigurationIsVisible = 0;
			defaultConfigurationName = Release;
		};
		9B784457215DAAAD00FF1327 /* Build configuration list for PBXNativeTarget "Yelp" */ = {
			isa = XCConfigurationList;
			buildConfigurations = (
				9B784458215DAAAD00FF1327 /* Debug */,
				9B784459215DAAAD00FF1327 /* Release */,
			);
			defaultConfigurationIsVisible = 0;
			defaultConfigurationName = Release;
		};
		9B78445A215DAAAD00FF1327 /* Build configuration list for PBXNativeTarget "YelpTests" */ = {
			isa = XCConfigurationList;
			buildConfigurations = (
				9B78445B215DAAAD00FF1327 /* Debug */,
				9B78445C215DAAAD00FF1327 /* Release */,
			);
			defaultConfigurationIsVisible = 0;
			defaultConfigurationName = Release;
		};
		9B78445D215DAAAD00FF1327 /* Build configuration list for PBXNativeTarget "YelpUITests" */ = {
			isa = XCConfigurationList;
			buildConfigurations = (
				9B78445E215DAAAD00FF1327 /* Debug */,
				9B78445F215DAAAD00FF1327 /* Release */,
			);
			defaultConfigurationIsVisible = 0;
			defaultConfigurationName = Release;
		};
/* End XCConfigurationList section */
	};
	rootObject = 9B784427215DAAA600FF1327 /* Project object */;
}
